# Generated by conda-lock.
# platform: linux-64
# input_hash: b4ad017c17d8c27b62f45b732cc686742db40eb784459fe232ec3efac431ea9a
@EXPLICIT
https://conda.anaconda.org/conda-forge/linux-64/_libgcc_mutex-0.1-conda_forge.tar.bz2#d7c89558ba9fa0495403155b64376d81
https://repo.anaconda.com/pkgs/main/linux-64/blas-1.0-openblas.conda#9ddfcaef10d79366c90128f5dc444be8
https://repo.anaconda.com/pkgs/main/linux-64/ca-certificates-2024.9.24-h06a4308_0.conda#e4369d7b4b0707ee0765794d14710e2e
https://repo.anaconda.com/pkgs/main/linux-64/ld_impl_linux-64-2.40-h12ee557_0.conda#ee672b5f635340734f58d618b7bca024
https://repo.anaconda.com/pkgs/main/linux-64/libgfortran5-11.2.0-h1234567_1.conda#36a01a8c30e0cadf0d3e842c50b73f3b
https://repo.anaconda.com/pkgs/main/noarch/pybind11-abi-4-hd3eb1b0_1.conda#4e440592a9fb70c880b74621aee6c967
https://conda.anaconda.org/conda-forge/linux-64/python_abi-3.12-5_cp312.conda#0424ae29b104430108f5218a66db7260
https://repo.anaconda.com/pkgs/main/noarch/tzdata-2024b-h04d1e81_0.conda#9be694715c6a65f9631bb1b242125e9d
https://repo.anaconda.com/pkgs/main/linux-64/libgfortran-ng-11.2.0-h00389a5_1.conda#7429b67ab7b1d7cb99b9d1f3ddaec6e3
https://conda.anaconda.org/conda-forge/linux-64/libgomp-14.2.0-h77fa898_1.conda#cc3573974587f12dda90d96e3e55a702
https://conda.anaconda.org/conda-forge/linux-64/_openmp_mutex-4.5-2_gnu.tar.bz2#73aaf86a425cc6e73fcf236a5a46396d
https://conda.anaconda.org/conda-forge/linux-64/libgcc-14.2.0-h77fa898_1.conda#3cb76c3f10d3bc7f1105b2fc9db984df
https://conda.anaconda.org/conda-forge/linux-64/c-ares-1.34.3-hb9d3cd8_1.conda#ee228789a85f961d14567252a03e725f
https://conda.anaconda.org/conda-forge/linux-64/libexpat-2.6.4-h5888daf_0.conda#db833e03127376d461e1e13e76f09b6c
https://conda.anaconda.org/conda-forge/linux-64/libgcc-ng-14.2.0-h69a702a_1.conda#e39480b9ca41323497b05492a63bc35b
https://conda.anaconda.org/conda-forge/linux-64/libstdcxx-14.2.0-hc0a3c3a_1.conda#234a5554c53625688d51062645337328
https://conda.anaconda.org/conda-forge/linux-64/libzlib-1.3.1-hb9d3cd8_2.conda#edb0dca6bc32e4f4789199455a1dbeb8
https://conda.anaconda.org/conda-forge/linux-64/openssl-3.4.0-hb9d3cd8_0.conda#23cc74f77eb99315c0360ec3533147a9
https://repo.anaconda.com/pkgs/main/linux-64/bzip2-1.0.8-h5eee18b_6.conda#f21a3ff51c1b271977f53ce956a69297
https://conda.anaconda.org/conda-forge/linux-64/expat-2.6.4-h5888daf_0.conda#1d6afef758879ef5ee78127eb4cd2c4a
https://repo.anaconda.com/pkgs/main/linux-64/libev-4.33-h7f8727e_1.conda#5065620db4393fb549f30114a33897d1
https://conda.anaconda.org/conda-forge/linux-64/libiconv-1.17-hd590300_2.conda#d66573916ffcf376178462f1b61c941e
https://conda.anaconda.org/conda-forge/linux-64/libnsl-2.0.1-hd590300_0.conda#30fd6e37fe21f86f4bd26d6ee73eeec7
https://repo.anaconda.com/pkgs/main/linux-64/libsodium-1.0.18-h7b6447c_0.conda#c8783b20f0e14bc1d701352c26c264d5
https://conda.anaconda.org/conda-forge/linux-64/libsqlite-3.47.0-hadc24fc_1.conda#b6f02b52a174e612e89548f4663ce56a
https://conda.anaconda.org/conda-forge/linux-64/libssh2-1.11.1-hf672d98_0.conda#be2de152d8073ef1c01b7728475f2fe7
https://conda.anaconda.org/conda-forge/linux-64/libstdcxx-ng-14.2.0-h4852527_1.conda#8371ac6457591af2cf6159439c1fd051
https://conda.anaconda.org/conda-forge/linux-64/libuuid-2.38.1-h0b41bf4_0.conda#40b61aab5c7ba9ff276c41cfffe6b80b
https://conda.anaconda.org/conda-forge/linux-64/libxcrypt-4.4.36-hd590300_1.conda#5aa797f8787fe7a17d1b0821485b5adc
https://repo.anaconda.com/pkgs/main/linux-64/lzo-2.10-h7b6447c_2.conda#65722a7644f424de73fea6e87edd7653
https://conda.anaconda.org/conda-forge/linux-64/ncurses-6.5-he02047a_1.conda#70caf8bb6cf39a0b6b7efc885f51c0fe
https://repo.anaconda.com/pkgs/main/linux-64/reproc-14.2.4-h6a678d5_2.conda#3c6dbc6c60b3897222d79359343e90fa
https://conda.anaconda.org/conda-forge/linux-64/tk-8.6.13-noxft_h4845f30_101.conda#d453b98d9c83e71da0741bb0ff4d76bc
https://repo.anaconda.com/pkgs/main/linux-64/xz-5.4.6-h5eee18b_1.conda#1562802f843297ee776a50b9329597ed
https://repo.anaconda.com/pkgs/main/linux-64/yaml-0.2.5-h7b6447c_0.conda#39fdbf4db769e494ffb06d95680c83d8
https://conda.anaconda.org/conda-forge/linux-64/fmt-11.0.2-h434a139_0.conda#995f7e13598497691c1dc476d889bc04
https://repo.anaconda.com/pkgs/main/linux-64/libedit-3.1.20230828-h5eee18b_0.conda#850eb5a9d2d7d3c66cce12e84406ca08
https://repo.anaconda.com/pkgs/main/linux-64/libffi-3.4.4-h6a678d5_1.conda#70646cc713f0c43926cfdcfe9b695fe0
https://conda.anaconda.org/conda-forge/linux-64/libnghttp2-1.64.0-h161d5f1_0.conda#19e57602824042dfd0446292ef90488b
https://repo.anaconda.com/pkgs/main/linux-64/libopenblas-0.3.21-h043d6bf_0.conda#7f7324dcc3c4761a14f3e4ac443235a7
https://conda.anaconda.org/conda-forge/linux-64/libsolv-0.7.30-h3509ff9_0.conda#02539b77d25aa4f65b20246549e256c3
https://conda.anaconda.org/conda-forge/linux-64/libxml2-2.13.5-h064dc61_0.conda#fb16b85a5be1328ac1c44b098b74c570
https://repo.anaconda.com/pkgs/main/linux-64/lz4-c-1.9.4-h6a678d5_1.conda#2ee58861f2b92b868ce761abb831819d
https://conda.anaconda.org/conda-forge/linux-64/pcre2-10.44-hba22ea6_2.conda#df359c09c41cd186fffb93a2d87aa6f5
https://repo.anaconda.com/pkgs/main/linux-64/readline-8.2-h5eee18b_0.conda#be42180685cce6e6b0329201d9f48efb
https://repo.anaconda.com/pkgs/main/linux-64/reproc-cpp-14.2.4-h6a678d5_2.conda#b03aa4903158279f003e7032ab9f5601
https://repo.anaconda.com/pkgs/main/linux-64/yaml-cpp-0.8.0-h6a678d5_1.conda#015d2d74ad3c8e53eec3358637433718
https://repo.anaconda.com/pkgs/main/linux-64/zeromq-4.3.5-h6a678d5_0.conda#354c934a4a5500f4c455c630f2702dbc
https://conda.anaconda.org/conda-forge/linux-64/zstd-1.5.6-ha6fb4c9_0.conda#4d056880988120e29d75bfff282e0f45
https://repo.anaconda.com/pkgs/main/linux-64/krb5-1.21.3-h143b758_0.conda#683d151e2759efbb51b5553c932664f7
https://conda.anaconda.org/conda-forge/linux-64/libarchive-3.7.7-hadbb8c3_0.conda#4a099677417658748239616b6ca96bb6
https://conda.anaconda.org/conda-forge/linux-64/libglib-2.82.2-h2ff4ddf_0.conda#13e8e54035ddd2b91875ba399f0f7c04
https://conda.anaconda.org/conda-forge/linux-64/python-3.12.7-hc5c86c4_0_cpython.conda#0515111a9cdf69f83278f7c197db9807
https://repo.anaconda.com/pkgs/main/linux-64/annotated-types-0.6.0-py312h06a4308_0.conda#03aa1a636640f8f94febe4779e5d37a7
https://repo.anaconda.com/pkgs/main/noarch/appdirs-1.4.4-pyhd3eb1b0_0.conda#5673d98d06171cb6eed03a6736845c4d
https://repo.anaconda.com/pkgs/main/noarch/archspec-0.2.3-pyhd3eb1b0_0.conda#13d01ee2d343d8539bb47055a6c0b5b2
https://repo.anaconda.com/pkgs/main/linux-64/async-lru-2.0.4-py312h06a4308_0.conda#2806b5842bb2478e127c99feb82a6a88
https://repo.anaconda.com/pkgs/main/linux-64/attrs-24.2.0-py312h06a4308_0.conda#9d2b4cf5fff9cd238cb2814363d24d5e
https://repo.anaconda.com/pkgs/main/linux-64/boltons-23.0.0-py312h06a4308_0.conda#36d464442713fc92897b7da029a08fb6
https://repo.anaconda.com/pkgs/main/linux-64/brotli-python-1.0.9-py312h6a678d5_8.conda#e6bdf1f9e8e1ad3543aaec7e9ecea7e7
https://repo.anaconda.com/pkgs/main/noarch/cachy-0.3.0-pyhd3eb1b0_0.conda#fcb19b85ad100b509f744e339c50871e
https://repo.anaconda.com/pkgs/main/linux-64/certifi-2024.8.30-py312h06a4308_0.conda#42ef53b6872f15913c0d7d702ec7475e
https://repo.anaconda.com/pkgs/main/noarch/charset-normalizer-3.3.2-pyhd3eb1b0_0.conda#c6fea3691e85cf7f568b0618ec29fc4f
https://repo.anaconda.com/pkgs/main/linux-64/click-8.1.7-py312h06a4308_0.conda#a0d97fc547780b4ddefc91139e633e02
https://repo.anaconda.com/pkgs/main/linux-64/colorama-0.4.6-py312h06a4308_0.conda#6175699c700cc4e4bf18ffc86778e488
https://repo.anaconda.com/pkgs/main/linux-64/crashtest-0.4.1-py312h06a4308_0.conda#2b772e1e60c01e8e7a0f5466fd5a242e
https://repo.anaconda.com/pkgs/main/linux-64/debugpy-1.6.7-py312h6a678d5_0.conda#e2d2e050b9401c68cfc979753f250616
https://repo.anaconda.com/pkgs/main/noarch/decorator-5.1.1-pyhd3eb1b0_0.conda#4d969aac32a0faf84af90c797bfc7fec
https://repo.anaconda.com/pkgs/main/noarch/defusedxml-0.7.1-pyhd3eb1b0_0.conda#d912068b0729930972adcaac338882c0
https://repo.anaconda.com/pkgs/main/linux-64/distlib-0.3.8-py312h06a4308_0.conda#3763a64961ca016ccf828044029cc5c0
https://repo.anaconda.com/pkgs/main/linux-64/distro-1.9.0-py312h06a4308_0.conda#71b90a563af005b336c976cc9466221c
https://repo.anaconda.com/pkgs/main/noarch/executing-0.8.3-pyhd3eb1b0_0.conda#7be61d1c3c555fb37682b28d7a53d622
https://repo.anaconda.com/pkgs/main/linux-64/filelock-3.13.1-py312h06a4308_0.conda#6a0b440821945eda176c2bd78fd64a56
https://repo.anaconda.com/pkgs/main/linux-64/frozendict-2.4.2-py312h06a4308_0.conda#76ae0259102a2156cc0e1ff9ada0f2c6
https://conda.anaconda.org/conda-forge/linux-64/glib-tools-2.82.2-h4833e2c_0.conda#12859f91830f58b1803e32846651c6f6
https://repo.anaconda.com/pkgs/main/linux-64/h11-0.14.0-py312h06a4308_0.conda#6e32d4e1d4c9409293e63ecf19755482
https://repo.anaconda.com/pkgs/main/linux-64/idna-3.7-py312h06a4308_0.conda#03cc59cdabff44c47be0fadffcef003c
https://repo.anaconda.com/pkgs/main/noarch/jeepney-0.7.1-pyhd3eb1b0_0.conda#f115ef0af90b59f35ef56743955979a4
https://repo.anaconda.com/pkgs/main/linux-64/json5-0.9.25-py312h06a4308_0.conda#8104f6486fea85b7138186cc8d59e8a4
https://repo.anaconda.com/pkgs/main/noarch/jsonpointer-2.1-pyhd3eb1b0_0.conda#298ff809e733cb04366e4e629c65aa8d
https://conda.anaconda.org/conda-forge/linux-64/libcurl-8.10.1-hbbe4b11_0.conda#6e801c50a40301f6978c53976917b277
https://repo.anaconda.com/pkgs/main/linux-64/markupsafe-2.1.3-py312h5eee18b_0.conda#b5d2615c33773326f8207f7b58df1e2b
https://repo.anaconda.com/pkgs/main/linux-64/menuinst-2.2.0-py312h06a4308_0.conda#2f79985b318b96f1a79d9ca27b350bde
https://repo.anaconda.com/pkgs/main/linux-64/mistune-2.0.4-py312h06a4308_0.conda#ebad83b0f2acc0defac5485ea5e71994
https://repo.anaconda.com/pkgs/main/linux-64/more-itertools-10.3.0-py312h06a4308_0.conda#f4a4ebde3790bc626937717119a99a73
https://repo.anaconda.com/pkgs/main/linux-64/msgpack-python-1.0.3-py312hdb19cb5_0.conda#9f2369ceffa6420742a233390d2fc295
https://repo.anaconda.com/pkgs/main/linux-64/nest-asyncio-1.6.0-py312h06a4308_0.conda#54db123c667472579092ce402f242702
https://repo.anaconda.com/pkgs/main/linux-64/numpy-base-1.26.4-py312he1a6c75_0.conda#b4f72512033cab6fffe7d72f4585da29
https://repo.anaconda.com/pkgs/main/linux-64/overrides-7.4.0-py312h06a4308_0.conda#b294a9b6e5b7654cc7012f3690a7c57f
https://repo.anaconda.com/pkgs/main/linux-64/packaging-24.1-py312h06a4308_0.conda#756ec42d4f934b642b8476689af2781f
https://repo.anaconda.com/pkgs/main/noarch/pandocfilters-1.5.0-pyhd3eb1b0_0.conda#5547ced9e3bb4c513405998957b52c7b
https://repo.anaconda.com/pkgs/main/noarch/parso-0.8.3-pyhd3eb1b0_0.conda#c6f0f6219bf5ce2b510ef4b75cbc3e01
https://repo.anaconda.com/pkgs/main/noarch/pastel-0.2.1-py_0.conda#81a0d5c930710445569d9a2f5137d6a2
https://repo.anaconda.com/pkgs/main/linux-64/pkginfo-1.11.2-py312h06a4308_0.conda#0c8480bdbdf05ca23e8696da454e59a7
https://repo.anaconda.com/pkgs/main/linux-64/platformdirs-3.10.0-py312h06a4308_0.conda#39dc9eb538e73250dadcdec7a8ed6595
https://repo.anaconda.com/pkgs/main/linux-64/pluggy-1.0.0-py312h06a4308_1.conda#65e3925b7c284b6a111d8971cac0d0c7
https://repo.anaconda.com/pkgs/main/linux-64/prometheus_client-0.21.0-py312h06a4308_0.conda#dd553b4738845d64ec7f672fb4ea99fa
https://repo.anaconda.com/pkgs/main/linux-64/psutil-5.9.0-py312h5eee18b_0.conda#44fe0043384455631a86c8ff948432df
https://repo.anaconda.com/pkgs/main/noarch/ptyprocess-0.7.0-pyhd3eb1b0_2.conda#7441d2827d4bfbcc1fa308875a146246
https://repo.anaconda.com/pkgs/main/noarch/pure_eval-0.2.2-pyhd3eb1b0_0.conda#a87d6d9827e5dff68d34d69971f8a9b1
https://repo.anaconda.com/pkgs/main/linux-64/pycosat-0.6.6-py312h5eee18b_1.conda#4ccf6371e1ccb1ccbecac26ab4fd1607
https://repo.anaconda.com/pkgs/main/noarch/pycparser-2.21-pyhd3eb1b0_0.conda#135a72ff2a31150a3a3ff0b1edd41ca9
https://repo.anaconda.com/pkgs/main/linux-64/pygments-2.15.1-py312h06a4308_1.conda#0cbad1773807f46b928491e0b8606e7f
https://repo.anaconda.com/pkgs/main/noarch/pylev-1.3.0-py_0.conda#8753b52aad70b2ed2ebaa6031853c816
https://repo.anaconda.com/pkgs/main/linux-64/pysocks-1.7.1-py312h06a4308_0.conda#8efb8494277b7f0faedf9d437b23cbe1
https://repo.anaconda.com/pkgs/main/linux-64/python-fastjsonschema-2.20.0-py312h06a4308_0.conda#32620a5a0fe9e7cf83521328a8e38e15
https://repo.anaconda.com/pkgs/main/linux-64/python-json-logger-2.0.7-py312h06a4308_0.conda#41478dbbaca2f053f312811678c84cbb
https://repo.anaconda.com/pkgs/main/noarch/python-tzdata-2023.3-pyhd3eb1b0_0.conda#479c037de0186d114b9911158427624e
https://repo.anaconda.com/pkgs/main/linux-64/pytz-2024.1-py312h06a4308_0.conda#f8a72213ea02624e802216fedff222e1
https://repo.anaconda.com/pkgs/main/linux-64/pyyaml-6.0.2-py312h5eee18b_0.conda#757daf8bab7a35c165f3dc6c9355ea9b
https://repo.anaconda.com/pkgs/main/linux-64/pyzmq-25.1.2-py312h6a678d5_0.conda#e222e50ccfb73d90805aac55b527b6f4
https://repo.anaconda.com/pkgs/main/linux-64/rfc3986-validator-0.1.1-py312h06a4308_0.conda#f9800ce161ed779b8cf7a1cd6d7ae0f5
https://repo.anaconda.com/pkgs/main/linux-64/rpds-py-0.10.6-py312h4aa5aa6_1.conda#e4979f7e315f3823f47a79c3b386a3a2
https://repo.anaconda.com/pkgs/main/linux-64/ruamel.yaml.clib-0.2.8-py312h5eee18b_0.conda#4e151915d3acb78754b5cd1be029fcd2
https://repo.anaconda.com/pkgs/main/linux-64/send2trash-1.8.2-py312h06a4308_0.conda#6de7b7d88a0ad8549d30cb9bf1676c7e
https://repo.anaconda.com/pkgs/main/linux-64/setuptools-75.1.0-py312h06a4308_0.conda#c96d08a405d335f2b0200c0f281b1fdc
https://repo.anaconda.com/pkgs/main/noarch/six-1.16.0-pyhd3eb1b0_1.conda#34586824d411d36af2fa40e799c172d0
https://repo.anaconda.com/pkgs/main/noarch/smmap-4.0.0-pyhd3eb1b0_0.conda#ea22ec22100b09799aa81f3e3ef9fa87
https://repo.anaconda.com/pkgs/main/linux-64/sniffio-1.3.0-py312h06a4308_0.conda#895787f939a4b06e04de62aa5ccd36d3
https://repo.anaconda.com/pkgs/main/linux-64/soupsieve-2.5-py312h06a4308_0.conda#102a7777bdfa79ba339be7bed43f8c7d
https://repo.anaconda.com/pkgs/main/linux-64/tomlkit-0.13.2-py312h06a4308_0.conda#34ea7c557ef575b00be7bcb00752ae3c
https://repo.anaconda.com/pkgs/main/linux-64/toolz-0.12.0-py312h06a4308_0.conda#8340b47fa0f92e87a9416929dd52a102
https://repo.anaconda.com/pkgs/main/linux-64/tornado-6.4.1-py312h5eee18b_0.conda#f4e2217ac077eff9684df8162125acc0
https://repo.anaconda.com/pkgs/main/linux-64/tqdm-4.66.5-py312he106c6f_0.conda#099959333950bef1a3d7d12133cbfafc
https://repo.anaconda.com/pkgs/main/linux-64/traitlets-5.14.3-py312h06a4308_0.conda#e597b4bbf8d30abd7ae5ac5d4a436176
https://repo.anaconda.com/pkgs/main/linux-64/truststore-0.8.0-py312h06a4308_0.conda#ad93bd626fc17c1606394fe258b4ed18
https://repo.anaconda.com/pkgs/main/linux-64/typing_extensions-4.11.0-py312h06a4308_0.conda#3045aa097a86bc6a13702fc3c287b5a4
https://repo.anaconda.com/pkgs/main/noarch/wcwidth-0.2.5-pyhd3eb1b0_0.conda#ffa649340272c3f6466ba01da254c3b0
https://repo.anaconda.com/pkgs/main/linux-64/webencodings-0.5.1-py312h06a4308_2.conda#b93cb387bcd155121150257dbcf8eb28
https://repo.anaconda.com/pkgs/main/linux-64/websocket-client-1.8.0-py312h06a4308_0.conda#3c9d8408c05942366b679ff8b439179c
https://repo.anaconda.com/pkgs/main/linux-64/wheel-0.44.0-py312h06a4308_0.conda#6d495438dd44e8f16b1a05d0a8648644
https://repo.anaconda.com/pkgs/main/linux-64/anyio-4.6.2-py312h06a4308_0.conda#75b116dcf9516cad91ff8510555b41e3
https://repo.anaconda.com/pkgs/main/noarch/asttokens-2.0.5-pyhd3eb1b0_0.conda#140486e2ce4f3931b44aa5f7ff8d88da
https://repo.anaconda.com/pkgs/main/linux-64/babel-2.11.0-py312h06a4308_0.conda#677b01819ada8c2e555e55342b1d5433
https://repo.anaconda.com/pkgs/main/linux-64/beautifulsoup4-4.12.3-py312h06a4308_0.conda#79afccbd2199c75b590ecac6228716f2
https://repo.anaconda.com/pkgs/main/linux-64/bleach-6.2.0-py312h06a4308_0.conda#6a4cb3ffc85ceff46aeb6b3e9b0c8c57
https://repo.anaconda.com/pkgs/main/linux-64/cffi-1.17.1-py312h1fdaa30_0.conda#8472aea146fecf25898d67adea2ddbf8
https://repo.anaconda.com/pkgs/main/linux-64/click-default-group-1.2.2-py312h06a4308_0.conda#040b76037750df8ea6e8d6c3a9167614
https://conda.anaconda.org/conda-forge/noarch/clikit-0.6.2-pyhd8ed1ab_2.conda#02abb7b66b02e8b9f5a9b05454400087
https://repo.anaconda.com/pkgs/main/linux-64/comm-0.2.1-py312h06a4308_0.conda#7d7b827eee78fd7b62292dc6a44314f2
https://repo.anaconda.com/pkgs/main/noarch/gitdb-4.0.7-pyhd3eb1b0_0.conda#bdd15a7149734880c003d98110c56b5b
https://conda.anaconda.org/conda-forge/linux-64/glib-2.82.2-h44428e9_0.conda#f19f985ab043e8843045410f3b99de8a
https://repo.anaconda.com/pkgs/main/noarch/html5lib-1.1-pyhd3eb1b0_0.conda#24c4f675dfc77f9d1ae6cd3c33731c3c
https://repo.anaconda.com/pkgs/main/linux-64/httpcore-1.0.2-py312h06a4308_0.conda#a4e4dd3bd4cec11e72ffb690bafcce90
https://repo.anaconda.com/pkgs/main/noarch/jaraco.classes-3.2.1-pyhd3eb1b0_0.conda#7f47c66b55e92b2724174847703df72f
https://repo.anaconda.com/pkgs/main/linux-64/jedi-0.19.1-py312h06a4308_0.conda#67391f5ec297fe536b30d2c450ae4b15
https://repo.anaconda.com/pkgs/main/linux-64/jinja2-3.1.4-py312h06a4308_1.conda#5d9ef5a4546b1a8a43f10fa60fae6bd4
https://repo.anaconda.com/pkgs/main/linux-64/jsonpatch-1.33-py312h06a4308_1.conda#c3de52aaf670064f85106ddb32d720d9
https://repo.anaconda.com/pkgs/main/linux-64/jupyter_core-5.7.2-py312h06a4308_0.conda#f74ba359b10915d569269b982b942455
https://repo.anaconda.com/pkgs/main/noarch/jupyterlab_pygments-0.1.2-py_0.conda#af46aff4922ca45df6ba19b313df6070
https://conda.anaconda.org/conda-forge/linux-64/libmamba-1.5.11-hf72d635_0.conda#66ddf67874b75a2252cd09ed931fc1e7
https://repo.anaconda.com/pkgs/main/linux-64/matplotlib-inline-0.1.6-py312h06a4308_0.conda#a8e99eeb494e5945aa7e60a660670643
https://repo.anaconda.com/pkgs/main/linux-64/numpy-1.26.4-py312h2809609_0.conda#a4282fd8d475c35059c92025ddf0b8a5
https://repo.anaconda.com/pkgs/main/noarch/pexpect-4.8.0-pyhd3eb1b0_3.conda#765b2562d6cdd14bb6d44fc170a04331
https://repo.anaconda.com/pkgs/main/linux-64/pip-24.2-py312h06a4308_0.conda#798cbea8112672434d0cd7551f8fc4b9
https://repo.anaconda.com/pkgs/main/linux-64/prompt-toolkit-3.0.43-py312h06a4308_0.conda#1ccee6d6456c5a4c71d52a97e8292432
https://repo.anaconda.com/pkgs/main/linux-64/python-dateutil-2.9.0post0-py312h06a4308_2.conda#06c8706a892aaaae74325c0b46c86d01
https://repo.anaconda.com/pkgs/main/linux-64/referencing-0.30.2-py312h06a4308_0.conda#3113fb44293d20eaae1e67a4876751c9
https://repo.anaconda.com/pkgs/main/linux-64/rfc3339-validator-0.1.4-py312h06a4308_0.conda#2b1db8c436c99c6856a78dad8f2278a1
https://repo.anaconda.com/pkgs/main/linux-64/ruamel.yaml-0.18.6-py312h5eee18b_0.conda#b4817fd05fdab4ce718bf1e7aab55f75
https://repo.anaconda.com/pkgs/main/linux-64/terminado-0.17.1-py312h06a4308_0.conda#4bc05c7f0c2e64b82882f774752a0263
https://repo.anaconda.com/pkgs/main/linux-64/tinycss2-1.2.1-py312h06a4308_0.conda#53422e62ac2d242aa12575ba12c2d430
https://repo.anaconda.com/pkgs/main/linux-64/typing-extensions-4.11.0-py312h06a4308_0.conda#181af932ad0824456dc3e6173c38b5c6
https://repo.anaconda.com/pkgs/main/linux-64/virtualenv-20.26.1-py312h06a4308_0.conda#9a27149f4f1db4ada607be0fb5494f1b
https://repo.anaconda.com/pkgs/main/linux-64/argon2-cffi-bindings-21.2.0-py312h5eee18b_0.conda#ed4180dcd3e7c19a9c06a86510ad1ae7
https://repo.anaconda.com/pkgs/main/linux-64/bottleneck-1.4.2-py312ha883a20_0.conda#ff0a95c8810f5c091da3d93e565c7763
https://repo.anaconda.com/pkgs/main/linux-64/cryptography-43.0.3-py312h7825ff9_1.conda#1c255fd1f8a79304f4a316fb5304e07b
https://repo.anaconda.com/pkgs/main/linux-64/dbus-1.13.18-hb2f20db_0.conda#6a6a6f1391f807847404344489ef6cf4
https://repo.anaconda.com/pkgs/main/linux-64/gitpython-3.1.43-py312h06a4308_0.conda#a5bb051e5739c6701297408439f7b1fc
https://repo.anaconda.com/pkgs/main/linux-64/httpx-0.27.0-py312h06a4308_0.conda#2364f07b85b5cc9f4a62106c823f10c8
https://repo.anaconda.com/pkgs/main/linux-64/jsonschema-specifications-2023.7.1-py312h06a4308_0.conda#4a3e8dd4b08a13007db2038e6d0ee144
https://repo.anaconda.com/pkgs/main/linux-64/jupyter_client-8.6.0-py312h06a4308_0.conda#fa5c4806fb8923dd99bd6e4117394681
https://repo.anaconda.com/pkgs/main/linux-64/jupyter_server_terminals-0.4.4-py312h06a4308_1.conda#38397ad2c8ba35b0c34082d230f49bd8
https://conda.anaconda.org/conda-forge/linux-64/libmambapy-1.5.11-py312hf3f0a4e_0.conda#6012a9f871d3c2908cfd2642ea90f4c0
https://repo.anaconda.com/pkgs/main/linux-64/numexpr-2.10.1-py312hd28fd6d_0.conda#304c2db51f5dbc2e9e4dd2b92f148a68
https://repo.anaconda.com/pkgs/main/noarch/prompt_toolkit-3.0.43-hd3eb1b0_0.conda#244c80adf85e37e2a4158d0f0c199566
https://repo.anaconda.com/pkgs/main/linux-64/pydantic-core-2.20.1-py312hb02cf49_0.conda#8879e1838f0fce5900cb23db1aa5e68d
https://repo.anaconda.com/pkgs/main/noarch/stack_data-0.2.0-pyhd3eb1b0_0.conda#6212968e73726f6da42e5ffcd2bea92d
https://repo.anaconda.com/pkgs/main/linux-64/zstandard-0.23.0-py312h2c38b39_1.conda#2cbafae57b8b4ec11666119d44ad4d71
https://repo.anaconda.com/pkgs/main/noarch/argon2-cffi-21.3.0-pyhd3eb1b0_0.conda#f00b851bc61b4c313903d31c7daecb09
https://repo.anaconda.com/pkgs/main/linux-64/ipython-8.27.0-py312h06a4308_0.conda#e0e30c0612115959ce5a6633e577bc41
https://repo.anaconda.com/pkgs/main/linux-64/jsonschema-4.23.0-py312h06a4308_0.conda#db19980afd8da4e8269d4374c2b86e31
https://repo.anaconda.com/pkgs/main/linux-64/pandas-2.2.2-py312h526ad5a_0.conda#931585545b1801a72013bf30186fb51a
https://repo.anaconda.com/pkgs/main/linux-64/pydantic-2.8.2-py312h06a4308_0.conda#ed17e2e2ab47f308aaf95ef56da439cd
https://repo.anaconda.com/pkgs/main/linux-64/pyopenssl-24.2.1-py312h06a4308_0.conda#2fc7519121e3f24552cc9b0547c332ad
https://repo.anaconda.com/pkgs/main/linux-64/secretstorage-3.3.1-py312h06a4308_1.conda#790c1839ee84767859d244875a26ad97
https://repo.anaconda.com/pkgs/main/linux-64/ipykernel-6.29.5-py312h06a4308_0.conda#25980148998ba72d0b04bee0a1da38c6
https://repo.anaconda.com/pkgs/main/linux-64/jupyter_events-0.10.0-py312h06a4308_0.conda#e9def891af369b1d816e08345a42838a
https://repo.anaconda.com/pkgs/main/linux-64/keyring-24.3.1-py312h06a4308_0.conda#fff26aca6afa1adcb1cd61d8763639e3
https://repo.anaconda.com/pkgs/main/linux-64/nbformat-5.10.4-py312h06a4308_0.conda#81e80731bf530c45c7013d76e9ed45e3
https://repo.anaconda.com/pkgs/main/linux-64/urllib3-1.26.19-py312h06a4308_0.conda#3e736286f516aa2334bed47bdc0c5a1d
https://repo.anaconda.com/pkgs/main/linux-64/nbclient-0.8.0-py312h06a4308_0.conda#27e95ee551e2a710fe0d96da0ca141fe
https://repo.anaconda.com/pkgs/main/linux-64/requests-2.32.3-py312h06a4308_1.conda#8cc2fc3e2198c2efe6cd890a7684a16a
https://repo.anaconda.com/pkgs/main/linux-64/cachecontrol-0.14.0-py312h06a4308_1.conda#bf57de67bcf746306cd3e026e6d1cccc
https://repo.anaconda.com/pkgs/main/linux-64/conda-package-streaming-0.11.0-py312h06a4308_0.conda#d5ffa1f42c41b7cdad0cf9ac68f83772
https://repo.anaconda.com/pkgs/main/linux-64/ensureconda-1.4.4-py312h06a4308_1.conda#c667ee44114bd2b67633a7cb4dfc02f2
https://repo.anaconda.com/pkgs/main/linux-64/nbconvert-7.16.4-py312h06a4308_0.conda#60d5960c90b74939984493f38531ddba
https://repo.anaconda.com/pkgs/main/linux-64/cachecontrol-with-filecache-0.14.0-py312h06a4308_1.conda#e3f673966a8bfbab947ceceb285f72d0
https://repo.anaconda.com/pkgs/main/linux-64/conda-package-handling-2.4.0-py312h06a4308_0.conda#20af9c2597fae0494f5d5a256dae433a
https://repo.anaconda.com/pkgs/main/linux-64/jupyter_server-2.14.1-py312h06a4308_0.conda#6ee18118c92c40b045ae6a99d5025da4
https://repo.anaconda.com/pkgs/main/linux-64/conda-lock-2.5.6-py312h06a4308_0.conda#1f85a7f30fbd7e1a1061c05ba059e11f
https://repo.anaconda.com/pkgs/main/linux-64/jupyter-lsp-2.2.0-py312h06a4308_0.conda#5ec44afafeffea8c68eb56af4da94dc5
https://repo.anaconda.com/pkgs/main/linux-64/jupyter-server-mathjax-0.2.6-py312h06a4308_0.conda#9e7cd529c339f621ce370effb08ecfe3
https://repo.anaconda.com/pkgs/main/linux-64/jupyterlab_server-2.27.3-py312h06a4308_0.conda#f57cfbe699a06e2e2e0dc55fa92c6a87
https://repo.anaconda.com/pkgs/main/linux-64/notebook-shim-0.2.3-py312h06a4308_0.conda#1f00239d617e3f323f35899f6254b39c
https://repo.anaconda.com/pkgs/main/linux-64/jupyterlab-4.2.5-py312h06a4308_0.conda#6bf95090db403e5ea2d18a7007b55153
https://repo.anaconda.com/pkgs/main/linux-64/nbdime-4.0.1-py312h06a4308_0.conda#e641bb0460d5aa24c9f82cec24b0040f
https://repo.anaconda.com/pkgs/main/linux-64/jupyterlab-git-0.50.0-py312h06a4308_0.conda#2f96173327b1a075460d70514bcd4756
https://conda.anaconda.org/conda-forge/noarch/jupyterlab-spellchecker-0.8.4-pyhd8ed1ab_0.conda#aee68a8ea335e07fab06e8d8f544c146
https://repo.anaconda.com/pkgs/main/linux-64/conda-24.11.0-py312h06a4308_0.conda#ec307b4e8b8984ee5760b2743d6b8d30
https://repo.anaconda.com/pkgs/main/noarch/conda-libmamba-solver-24.9.0-pyhd3eb1b0_0.conda#251a69a5bf578ef59fdf8255c7c25c5d
https://conda.anaconda.org/conda-forge/linux-64/mamba-1.5.11-py312h9460a1c_0.conda#c41dcc52ff5ba846d110cb145d044112
